// !$*UTF8*$!
{
	archiveVersion = 1;
	classes = {
	};
	objectVersion = 46;
	objects = {

/* Begin PBXBuildFile section */
		D1F1B25315EB5D35005C7260 /* UIKit.framework in Frameworks */ = {isa = PBXBuildFile; fileRef = D1F1B25215EB5D35005C7260 /* UIKit.framework */; };
		D1F1B25515EB5D35005C7260 /* Foundation.framework in Frameworks */ = {isa = PBXBuildFile; fileRef = D1F1B25415EB5D35005C7260 /* Foundation.framework */; };
		D1F1B25715EB5D35005C7260 /* CoreGraphics.framework in Frameworks */ = {isa = PBXBuildFile; fileRef = D1F1B25615EB5D35005C7260 /* CoreGraphics.framework */; };
		D1F1B25D15EB5D35005C7260 /* InfoPlist.strings in Resources */ = {isa = PBXBuildFile; fileRef = D1F1B25B15EB5D35005C7260 /* InfoPlist.strings */; };
		D1F1B25F15EB5D35005C7260 /* main.m in Sources */ = {isa = PBXBuildFile; fileRef = D1F1B25E15EB5D35005C7260 /* main.m */; };
		D1F1B26315EB5D35005C7260 /* AppDelegate.m in Sources */ = {isa = PBXBuildFile; fileRef = D1F1B26215EB5D35005C7260 /* AppDelegate.m */; };
		D1F1B26615EB5D35005C7260 /* MainStoryboard_iPhone.storyboard in Resources */ = {isa = PBXBuildFile; fileRef = D1F1B26415EB5D35005C7260 /* MainStoryboard_iPhone.storyboard */; };
		D1F1B26915EB5D35005C7260 /* MainStoryboard_iPad.storyboard in Resources */ = {isa = PBXBuildFile; fileRef = D1F1B26715EB5D35005C7260 /* MainStoryboard_iPad.storyboard */; };
		D1F1B26C15EB5D35005C7260 /* ViewController.m in Sources */ = {isa = PBXBuildFile; fileRef = D1F1B26B15EB5D35005C7260 /* ViewController.m */; };
/* End PBXBuildFile section */

/* Begin PBXFileReference section */
		D1F1B24E15EB5D35005C7260 /* sign.app */ = {isa = PBXFileReference; explicitFileType = wrapper.application; includeInIndex = 0; path = sign.app; sourceTree = BUILT_PRODUCTS_DIR; };
		D1F1B25215EB5D35005C7260 /* UIKit.framework */ = {isa = PBXFileReference; lastKnownFileType = wrapper.framework; name = UIKit.framework; path = System/Library/Frameworks/UIKit.framework; sourceTree = SDKROOT; };
		D1F1B25415EB5D35005C7260 /* Foundation.framework */ = {isa = PBXFileReference; lastKnownFileType = wrapper.framework; name = Foundation.framework; path = System/Library/Frameworks/Foundation.framework; sourceTree = SDKROOT; };
		D1F1B25615EB5D35005C7260 /* CoreGraphics.framework */ = {isa = PBXFileReference; lastKnownFileType = wrapper.framework; name = CoreGraphics.framework; path = System/Library/Frameworks/CoreGraphics.framework; sourceTree = SDKROOT; };
		D1F1B25A15EB5D35005C7260 /* sign-Info.plist */ = {isa = PBXFileReference; lastKnownFileType = text.plist.xml; path = "sign-Info.plist"; sourceTree = "<group>"; };
		D1F1B25C15EB5D35005C7260 /* en */ = {isa = PBXFileReference; lastKnownFileType = text.plist.strings; name = en; path = en.lproj/InfoPlist.strings; sourceTree = "<group>"; };
		D1F1B25E15EB5D35005C7260 /* main.m */ = {isa = PBXFileReference; lastKnownFileType = sourcecode.c.objc; path = main.m; sourceTree = "<group>"; };
		D1F1B26015EB5D35005C7260 /* sign-Prefix.pch */ = {isa = PBXFileReference; lastKnownFileType = sourcecode.c.h; path = "sign-Prefix.pch"; sourceTree = "<group>"; };
		D1F1B26115EB5D35005C7260 /* AppDelegate.h */ = {isa = PBXFileReference; lastKnownFileType = sourcecode.c.h; path = AppDelegate.h; sourceTree = "<group>"; };
		D1F1B26215EB5D35005C7260 /* AppDelegate.m */ = {isa = PBXFileReference; lastKnownFileType = sourcecode.c.objc; path = AppDelegate.m; sourceTree = "<group>"; };
		D1F1B26515EB5D35005C7260 /* en */ = {isa = PBXFileReference; lastKnownFileType = file.storyboard; name = en; path = en.lproj/MainStoryboard_iPhone.storyboard; sourceTree = "<group>"; };
		D1F1B26815EB5D35005C7260 /* en */ = {isa = PBXFileReference; lastKnownFileType = file.storyboard; name = en; path = en.lproj/MainStoryboard_iPad.storyboard; sourceTree = "<group>"; };
		D1F1B26A15EB5D35005C7260 /* ViewController.h */ = {isa = PBXFileReference; lastKnownFileType = sourcecode.c.h; path = ViewController.h; sourceTree = "<group>"; };
		D1F1B26B15EB5D35005C7260 /* ViewController.m */ = {isa = PBXFileReference; lastKnownFileType = sourcecode.c.objc; path = ViewController.m; sourceTree = "<group>"; };
/* End PBXFileReference section */

/* Begin PBXFrameworksBuildPhase section */
		D1F1B24B15EB5D35005C7260 /* Frameworks */ = {
			isa = PBXFrameworksBuildPhase;
			buildActionMask = 2147483647;
			files = (
				D1F1B25315EB5D35005C7260 /* UIKit.framework in Frameworks */,
				D1F1B25515EB5D35005C7260 /* Foundation.framework in Frameworks */,
				D1F1B25715EB5D35005C7260 /* CoreGraphics.framework in Frameworks */,
			);
			runOnlyForDeploymentPostprocessing = 0;
		};
/* End PBXFrameworksBuildPhase section */

/* Begin PBXGroup section */
		D1F1B24315EB5D35005C7260 = {
			isa = PBXGroup;
			children = (
				D1F1B25815EB5D35005C7260 /* sign */,
				D1F1B25115EB5D35005C7260 /* Frameworks */,
				D1F1B24F15EB5D35005C7260 /* Products */,
			);
			sourceTree = "<group>";
		};
		D1F1B24F15EB5D35005C7260 /* Products */ = {
			isa = PBXGroup;
			children = (
				D1F1B24E15EB5D35005C7260 /* sign.app */,
			);
			name = Products;
			sourceTree = "<group>";
		};
		D1F1B25115EB5D35005C7260 /* Frameworks */ = {
			isa = PBXGroup;
			children = (
				D1F1B25215EB5D35005C7260 /* UIKit.framework */,
				D1F1B25415EB5D35005C7260 /* Foundation.framework */,
				D1F1B25615EB5D35005C7260 /* CoreGraphics.framework */,
			);
			name = Frameworks;
			sourceTree = "<group>";
		};
		D1F1B25815EB5D35005C7260 /* sign */ = {
			isa = PBXGroup;
			children = (
				D1F1B26115EB5D35005C7260 /* AppDelegate.h */,
				D1F1B26215EB5D35005C7260 /* AppDelegate.m */,
				D1F1B26415EB5D35005C7260 /* MainStoryboard_iPhone.storyboard */,
				D1F1B26715EB5D35005C7260 /* MainStoryboard_iPad.storyboard */,
				D1F1B26A15EB5D35005C7260 /* ViewController.h */,
				D1F1B26B15EB5D35005C7260 /* ViewController.m */,
				D1F1B25915EB5D35005C7260 /* Supporting Files */,
			);
			path = sign;
			sourceTree = "<group>";
		};
		D1F1B25915EB5D35005C7260 /* Supporting Files */ = {
			isa = PBXGroup;
			children = (
				D1F1B25A15EB5D35005C7260 /* sign-Info.plist */,
				D1F1B25B15EB5D35005C7260 /* InfoPlist.strings */,
				D1F1B25E15EB5D35005C7260 /* main.m */,
				D1F1B26015EB5D35005C7260 /* sign-Prefix.pch */,
			);
			name = "Supporting Files";
			sourceTree = "<group>";
		};
/* End PBXGroup section */

/* Begin PBXNativeTarget section */
		D1F1B24D15EB5D35005C7260 /* sign */ = {
			isa = PBXNativeTarget;
			buildConfigurationList = D1F1B26F15EB5D35005C7260 /* Build configuration list for PBXNativeTarget "sign" */;
			buildPhases = (
				D1F1B24A15EB5D35005C7260 /* Sources */,
				D1F1B24B15EB5D35005C7260 /* Frameworks */,
				D1F1B24C15EB5D35005C7260 /* Resources */,
				D1F1B27715EB5D4E005C7260 /* ShellScript */,
			);
			buildRules = (
			);
			dependencies = (
			);
			name = sign;
			productName = sign;
			productReference = D1F1B24E15EB5D35005C7260 /* sign.app */;
			productType = "com.apple.product-type.application";
		};
/* End PBXNativeTarget section */

/* Begin PBXProject section */
		D1F1B24515EB5D35005C7260 /* Project object */ = {
			isa = PBXProject;
			attributes = {
				LastUpgradeCheck = 0440;
				ORGANIZATIONNAME = sunkey;
			};
			buildConfigurationList = D1F1B24815EB5D35005C7260 /* Build configuration list for PBXProject "sign" */;
			compatibilityVersion = "Xcode 3.2";
			developmentRegion = English;
			hasScannedForEncodings = 0;
			knownRegions = (
				en,
			);
			mainGroup = D1F1B24315EB5D35005C7260;
			productRefGroup = D1F1B24F15EB5D35005C7260 /* Products */;
			projectDirPath = "";
			projectRoot = "";
			targets = (
				D1F1B24D15EB5D35005C7260 /* sign */,
			);
		};
/* End PBXProject section */

/* Begin PBXResourcesBuildPhase section */
		D1F1B24C15EB5D35005C7260 /* Resources */ = {
			isa = PBXResourcesBuildPhase;
			buildActionMask = 2147483647;
			files = (
				D1F1B25D15EB5D35005C7260 /* InfoPlist.strings in Resources */,
				D1F1B26615EB5D35005C7260 /* MainStoryboard_iPhone.storyboard in Resources */,
				D1F1B26915EB5D35005C7260 /* MainStoryboard_iPad.storyboard in Resources */,
			);
			runOnlyForDeploymentPostprocessing = 0;
		};
/* End PBXResourcesBuildPhase section */

/* Begin PBXShellScriptBuildPhase section */
		D1F1B27715EB5D4E005C7260 /* ShellScript */ = {
			isa = PBXShellScriptBuildPhase;
			buildActionMask = 2147483647;
			files = (
			);
			inputPaths = (
			);
			outputPaths = (
			);
			runOnlyForDeploymentPostprocessing = 0;
			shellPath = /bin/sh;
			shellScript = "export CODESIGN_ALLOCATE=/Applications/Xcode.app/Contents/Developer/Platforms/iPhoneOS.platform/Developer/usr/bin/codesign_allocate\nif [ \"${PLATFORM_NAME}\" == \"iphoneos\" ] || [ \"${PLATFORM_NAME}\" == \"ipados\" ]; then\n/Applications/Xcode.app/Contents/Developer/iphoneentitlements/gen_entitlements.py \"my.company.${PROJECT_NAME}\" \"${BUILT_PRODUCTS_DIR}/${WRAPPER_NAME}/${PROJECT_NAME}.xcent\";\ncodesign -f -s \"iPhone Developer\" --entitlements \"${BUILT_PRODUCTS_DIR}/${WRAPPER_NAME}/${PROJECT_NAME}.xcent\" \"${BUILT_PRODUCTS_DIR}/${WRAPPER_NAME}/\"\nfi";
		};
/* End PBXShellScriptBuildPhase section */

/* Begin PBXSourcesBuildPhase section */
		D1F1B24A15EB5D35005C7260 /* Sources */ = {
			isa = PBXSourcesBuildPhase;
			buildActionMask = 2147483647;
			files = (
				D1F1B25F15EB5D35005C7260 /* main.m in Sources */,
				D1F1B26315EB5D35005C7260 /* AppDelegate.m in Sources */,
				D1F1B26C15EB5D35005C7260 /* ViewController.m in Sources */,
			);
			runOnlyForDeploymentPostprocessing = 0;
		};
/* End PBXSourcesBuildPhase section */

/* Begin PBXVariantGroup section */
		D1F1B25B15EB5D35005C7260 /* InfoPlist.strings */ = {
			isa = PBXVariantGroup;
			children = (
				D1F1B25C15EB5D35005C7260 /* en */,
			);
			name = InfoPlist.strings;
			sourceTree = "<group>";
		};
		D1F1B26415EB5D35005C7260 /* MainStoryboard_iPhone.storyboard */ = {
			isa = PBXVariantGroup;
			children = (
				D1F1B26515EB5D35005C7260 /* en */,
			);
			name = MainStoryboard_iPhone.storyboard;
			sourceTree = "<group>";
		};
		D1F1B26715EB5D35005C7260 /* MainStoryboard_iPad.storyboard */ = {
			isa = PBXVariantGroup;
			children = (
				D1F1B26815EB5D35005C7260 /* en */,
			);
			name = MainStoryboard_iPad.storyboard;
			sourceTree = "<group>";
		};
/* End PBXVariantGroup section */

/* Begin XCBuildConfiguration section */
		D1F1B26D15EB5D35005C7260 /* Debug */ = {
			isa = XCBuildConfiguration;
			buildSettings = {
				ALWAYS_SEARCH_USER_PATHS = NO;
				ARCHS = "$(ARCHS_STANDARD_32_BIT)";
				CLANG_CXX_LANGUAGE_STANDARD = "gnu++0x";
				CLANG_WARN__DUPLICATE_METHOD_MATCH = YES;
				"CODE_SIGN_IDENTITY[sdk=iphoneos*]" = "";
				COPY_PHASE_STRIP = NO;
				GCC_C_LANGUAGE_STANDARD = gnu99;
				GCC_DYNAMIC_NO_PIC = NO;
				GCC_OPTIMIZATION_LEVEL = 0;
				GCC_PREPROCESSOR_DEFINITIONS = (
					"DEBUG=1",
					"$(inherited)",
				);
				GCC_SYMBOLS_PRIVATE_EXTERN = NO;
				GCC_VERSION = com.apple.compilers.llvm.clang.1_0;
				GCC_WARN_ABOUT_RETURN_TYPE = YES;
				GCC_WARN_UNINITIALIZED_AUTOS = YES;
				GCC_WARN_UNUSED_VARIABLE = YES;
				IPHONEOS_DEPLOYMENT_TARGET = 5.1;
				SDKROOT = iphoneos;
				TARGETED_DEVICE_FAMILY = "1,2";
			};
			name = Debug;
		};
		D1F1B26E15EB5D35005C7260 /* Release */ = {
			isa = XCBuildConfiguration;
			buildSettings = {
				ALWAYS_SEARCH_USER_PATHS = NO;
				ARCHS = "$(ARCHS_STANDARD_32_BIT)";
				CLANG_CXX_LANGUAGE_STANDARD = "gnu++0x";
				CLANG_WARN__DUPLICATE_METHOD_MATCH = YES;
				"CODE_SIGN_IDENTITY[sdk=iphoneos*]" = "";
				COPY_PHASE_STRIP = YES;
				GCC_C_LANGUAGE_STANDARD = gnu99;
				GCC_VERSION = com.apple.compilers.llvm.clang.1_0;
				GCC_WARN_ABOUT_RETURN_TYPE = YES;
				GCC_WARN_UNINITIALIZED_AUTOS = YES;
				GCC_WARN_UNUSED_VARIABLE = YES;
				IPHONEOS_DEPLOYMENT_TARGET = 5.1;
				OTHER_CFLAGS = "-DNS_BLOCK_ASSERTIONS=1";
				SDKROOT = iphoneos;
				TARGETED_DEVICE_FAMILY = "1,2";
				VALIDATE_PRODUCT = YES;
			};
			name = Release;
		};
		D1F1B27015EB5D35005C7260 /* Debug */ = {
			isa = XCBuildConfiguration;
			buildSettings = {
				GCC_PRECOMPILE_PREFIX_HEADER = YES;
				GCC_PREFIX_HEADER = "sign/sign-Prefix.pch";
				INFOPLIST_FILE = "sign/sign-Info.plist";
				PRODUCT_NAME = "$(TARGET_NAME)";
				WRAPPER_EXTENSION = app;
			};
			name = Debug;
		};
		D1F1B27115EB5D35005C7260 /* Release */ = {
			isa = XCBuildConfiguration;
			buildSettings = {
				GCC_PRECOMPILE_PREFIX_HEADER = YES;
				GCC_PREFIX_HEADER = "sign/sign-Prefix.pch";
				INFOPLIST_FILE = "sign/sign-Info.plist";
				PRODUCT_NAME = "$(TARGET_NAME)";
				WRAPPER_EXTENSION = app;
			};
			name = Release;
		};
/* End XCBuildConfiguration section */

/* Begin XCConfigurationList section */
		D1F1B24815EB5D35005C7260 /* Build configuration list for PBXProject "sign" */ = {
			isa = XCConfigurationList;
			buildConfigurations = (
				D1F1B26D15EB5D35005C7260 /* Debug */,
				D1F1B26E15EB5D35005C7260 /* Release */,
			);
			defaultConfigurationIsVisible = 0;
			defaultConfigurationName = Release;
		};
		D1F1B26F15EB5D35005C7260 /* Build configuration list for PBXNativeTarget "sign" */ = {
			isa = XCConfigurationList;
			buildConfigurations = (
				D1F1B27015EB5D35005C7260 /* Debug */,
				D1F1B27115EB5D35005C7260 /* Release */,
			);
			defaultConfigurationIsVisible = 0;
			defaultConfigurationName = Release;
		};
/* End XCConfigurationList section */
	};
	rootObject = D1F1B24515EB5D35005C7260 /* Project object */;
}
